{
  "name": "ttml-tool-plus",
  "lockfileVersion": 3,
  "requires": true,
  "packages": {
    "": {
      "dependencies": {
        "@wailsio/runtime": "^3.0.0-alpha.72"
      }
    },
    "node_modules/@wailsio/runtime": {
      "version": "3.0.0-alpha.72",
      "resolved": "https://registry.npmjs.org/@wailsio/runtime/-/runtime-3.0.0-alpha.72.tgz",
      "integrity": "sha512-VJjDa0GBG7tp7WBMlytzLvsZ4gBQVBftIwiJ+dSg2C4e11N6JonJZp9iHT2xgK35rewKdwbX1vMDyrcBcyZYoA==",
      "license": "MIT"
    }
  }
}
